<?xml version="1.0" encoding="utf-8"?>
<Project ToolsVersion="4.0" xmlns="http://schemas.microsoft.com/developer/msbuild/2003">
  <ItemGroup>
    <Filter Include="Source Files">
      <UniqueIdentifier>{4FC737F1-C7A5-4376-A066-2A32D752A2FF}</UniqueIdentifier>
      <Extensions>cpp;c;cc;cxx;def;odl;idl;hpj;bat;asm;asmx</Extensions>
    </Filter>
    <Filter Include="Header Files">
      <UniqueIdentifier>{93995380-89BD-4b04-88EB-625FBE52EBFB}</UniqueIdentifier>
      <Extensions>h;hh;hpp;hxx;hm;inl;inc;xsd</Extensions>
    </Filter>
    <Filter Include="Resource Files">
      <UniqueIdentifier>{67DA6AB6-F800-4c08-8B7A-83BB121AAD01}</UniqueIdentifier>
      <Extensions>rc;ico;cur;bmp;dlg;rc2;rct;bin;rgs;gif;jpg;jpeg;jpe;resx;tiff;tif;png;wav;mfcribbon-ms</Extensions>
    </Filter>
    <Filter Include="Source Files\Onig">
      <UniqueIdentifier>{dc9d132e-3020-4627-ac03-dd9dbe1760f3}</UniqueIdentifier>
    </Filter>
    <Filter Include="Source Files\Onig\enc">
      <UniqueIdentifier>{76bce36f-5a10-4f34-993d-51c75eb0f33f}</UniqueIdentifier>
    </Filter>
    <Filter Include="Header Files\Bindings">
      <UniqueIdentifier>{047fa9ea-2db0-4ecc-a36a-76c9bca5124d}</UniqueIdentifier>
    </Filter>
    <Filter Include="Header Files\Bindings\android">
      <UniqueIdentifier>{8b53ad6e-927e-48f1-81ae-d786dbefeade}</UniqueIdentifier>
    </Filter>
    <Filter Include="Header Files\Bindings\flash">
      <UniqueIdentifier>{50b63c67-2040-439e-9437-b4e5b958bb50}</UniqueIdentifier>
    </Filter>
    <Filter Include="Header Files\Bindings\default">
      <UniqueIdentifier>{a2cd25fe-91cc-489d-b8b9-8e5c6035dd94}</UniqueIdentifier>
    </Filter>
    <Filter Include="Header Files\Bindings\java">
      <UniqueIdentifier>{6ff8302f-5a3b-494e-8ef3-6f15085f42a8}</UniqueIdentifier>
    </Filter>
    <Filter Include="Source Files\Bindings">
      <UniqueIdentifier>{25dea1af-fa37-4acd-a3a5-e24f2cb2b90e}</UniqueIdentifier>
    </Filter>
    <Filter Include="Source Files\Bindings\android">
      <UniqueIdentifier>{65bccd39-1eea-4d26-91df-3c3713fb45d2}</UniqueIdentifier>
    </Filter>
    <Filter Include="Source Files\Bindings\default">
      <UniqueIdentifier>{18d8c41d-f199-4c0b-afc6-baa3685f7f19}</UniqueIdentifier>
    </Filter>
    <Filter Include="Source Files\Bindings\flash">
      <UniqueIdentifier>{1bd899fe-054b-42da-8ed3-595e72553ce6}</UniqueIdentifier>
    </Filter>
    <Filter Include="Source Files\Bindings\java">
      <UniqueIdentifier>{f8092889-afb5-4f90-adaf-369471b36127}</UniqueIdentifier>
    </Filter>
    <Filter Include="Header Files\onig">
      <UniqueIdentifier>{8a93d55c-6de1-44d0-81cd-0f174010c138}</UniqueIdentifier>
    </Filter>
  </ItemGroup>
  <ItemGroup>
    <ClCompile Include="src\actions.c">
      <Filter>Source Files</Filter>
    </ClCompile>
    <ClCompile Include="src\callbacks.c">
      <Filter>Source Files</Filter>
    </ClCompile>
    <ClCompile Include="src\codetools.c">
      <Filter>Source Files</Filter>
    </ClCompile>
    <ClCompile Include="src\coding.c">
      <Filter>Source Files</Filter>
    </ClCompile>
    <ClCompile Include="src\common.c">
      <Filter>Source Files</Filter>
    </ClCompile>
    <ClCompile Include="src\errors.c">
      <Filter>Source Files</Filter>
    </ClCompile>
    <ClCompile Include="src\game.c">
      <Filter>Source Files</Filter>
    </ClCompile>
    <ClCompile Include="src\locations.c">
      <Filter>Source Files</Filter>
    </ClCompile>
    <ClCompile Include="src\mathops.c">
      <Filter>Source Files</Filter>
    </ClCompile>
    <ClCompile Include="src\menu.c">
      <Filter>Source Files</Filter>
    </ClCompile>
    <ClCompile Include="src\objects.c">
      <Filter>Source Files</Filter>
    </ClCompile>
    <ClCompile Include="src\playlist.c">
      <Filter>Source Files</Filter>
    </ClCompile>
    <ClCompile Include="src\regexp.c">
      <Filter>Source Files</Filter>
    </ClCompile>
    <ClCompile Include="src\statements.c">
      <Filter>Source Files</Filter>
    </ClCompile>
    <ClCompile Include="src\text.c">
      <Filter>Source Files</Filter>
    </ClCompile>
    <ClCompile Include="src\time.c">
      <Filter>Source Files</Filter>
    </ClCompile>
    <ClCompile Include="src\towlower.c">
      <Filter>Source Files</Filter>
    </ClCompile>
    <ClCompile Include="src\towupper.c">
      <Filter>Source Files</Filter>
    </ClCompile>
    <ClCompile Include="src\variables.c">
      <Filter>Source Files</Filter>
    </ClCompile>
    <ClCompile Include="src\variant.c">
      <Filter>Source Files</Filter>
    </ClCompile>
    <ClCompile Include="src\bindings\android\android_control.c">
      <Filter>Source Files\Bindings\android</Filter>
    </ClCompile>
    <ClCompile Include="src\bindings\android\android_callbacks.c">
      <Filter>Source Files\Bindings\android</Filter>
    </ClCompile>
    <ClCompile Include="src\bindings\android\android_coding.c">
      <Filter>Source Files\Bindings\android</Filter>
    </ClCompile>
    <ClCompile Include="src\bindings\default\default_control.c">
      <Filter>Source Files\Bindings\default</Filter>
    </ClCompile>
    <ClCompile Include="src\bindings\default\default_callbacks.c">
      <Filter>Source Files\Bindings\default</Filter>
    </ClCompile>
    <ClCompile Include="src\bindings\default\default_coding.c">
      <Filter>Source Files\Bindings\default</Filter>
    </ClCompile>
    <ClCompile Include="src\bindings\flash\flash_callbacks.c">
      <Filter>Source Files\Bindings\flash</Filter>
    </ClCompile>
    <ClCompile Include="src\bindings\flash\flash_coding.c">
      <Filter>Source Files\Bindings\flash</Filter>
    </ClCompile>
    <ClCompile Include="src\bindings\flash\flash_control.c">
      <Filter>Source Files\Bindings\flash</Filter>
    </ClCompile>
    <ClCompile Include="src\bindings\java\java_callbacks.c">
      <Filter>Source Files\Bindings\java</Filter>
    </ClCompile>
    <ClCompile Include="src\bindings\java\java_coding.c">
      <Filter>Source Files\Bindings\java</Filter>
    </ClCompile>
    <ClCompile Include="src\bindings\java\java_control.c">
      <Filter>Source Files\Bindings\java</Filter>
    </ClCompile>
    <ClCompile Include="src\onig\enc\ascii.c">
      <Filter>Source Files\Onig\enc</Filter>
    </ClCompile>
    <ClCompile Include="src\onig\enc\cp1251.c">
      <Filter>Source Files\Onig\enc</Filter>
    </ClCompile>
    <ClCompile Include="src\onig\enc\koi8_r.c">
      <Filter>Source Files\Onig\enc</Filter>
    </ClCompile>
    <ClCompile Include="src\onig\enc\unicode.c">
      <Filter>Source Files\Onig\enc</Filter>
    </ClCompile>
    <ClCompile Include="src\onig\enc\utf16_be.c">
      <Filter>Source Files\Onig\enc</Filter>
    </ClCompile>
    <ClCompile Include="src\onig\enc\utf16_le.c">
      <Filter>Source Files\Onig\enc</Filter>
    </ClCompile>
    <ClCompile Include="src\onig\enc\utf32_be.c">
      <Filter>Source Files\Onig\enc</Filter>
    </ClCompile>
    <ClCompile Include="src\onig\enc\utf32_le.c">
      <Filter>Source Files\Onig\enc</Filter>
    </ClCompile>
    <ClCompile Include="src\onig\regcomp.c">
      <Filter>Source Files\Onig</Filter>
    </ClCompile>
    <ClCompile Include="src\onig\regenc.c">
      <Filter>Source Files\Onig</Filter>
    </ClCompile>
    <ClCompile Include="src\onig\regerror.c">
      <Filter>Source Files\Onig</Filter>
    </ClCompile>
    <ClCompile Include="src\onig\regexec.c">
      <Filter>Source Files\Onig</Filter>
    </ClCompile>
    <ClCompile Include="src\onig\regparse.c">
      <Filter>Source Files\Onig</Filter>
    </ClCompile>
    <ClCompile Include="src\onig\regsyntax.c">
      <Filter>Source Files\Onig</Filter>
    </ClCompile>
    <ClCompile Include="src\onig\regtrav.c">
      <Filter>Source Files\Onig</Filter>
    </ClCompile>
    <ClCompile Include="src\onig\regversion.c">
      <Filter>Source Files\Onig</Filter>
    </ClCompile>
    <ClCompile Include="src\onig\st.c">
      <Filter>Source Files\Onig</Filter>
    </ClCompile>
  </ItemGroup>
  <ItemGroup>
    <ClInclude Include="src\actions.h">
      <Filter>Header Files</Filter>
    </ClInclude>
    <ClInclude Include="src\callbacks.h">
      <Filter>Header Files</Filter>
    </ClInclude>
    <ClInclude Include="src\codetools.h">
      <Filter>Header Files</Filter>
    </ClInclude>
    <ClInclude Include="src\coding.h">
      <Filter>Header Files</Filter>
    </ClInclude>
    <ClInclude Include="src\common.h">
      <Filter>Header Files</Filter>
    </ClInclude>
    <ClInclude Include="src\declarations.h">
      <Filter>Header Files</Filter>
    </ClInclude>
    <ClInclude Include="src\errors.h">
      <Filter>Header Files</Filter>
    </ClInclude>
    <ClInclude Include="src\game.h">
      <Filter>Header Files</Filter>
    </ClInclude>
    <ClInclude Include="src\locations.h">
      <Filter>Header Files</Filter>
    </ClInclude>
    <ClInclude Include="src\mathops.h">
      <Filter>Header Files</Filter>
    </ClInclude>
    <ClInclude Include="src\menu.h">
      <Filter>Header Files</Filter>
    </ClInclude>
    <ClInclude Include="src\objects.h">
      <Filter>Header Files</Filter>
    </ClInclude>
    <ClInclude Include="src\playlist.h">
      <Filter>Header Files</Filter>
    </ClInclude>
    <ClInclude Include="src\qsp.h">
      <Filter>Header Files</Filter>
    </ClInclude>
    <ClInclude Include="src\regexp.h">
      <Filter>Header Files</Filter>
    </ClInclude>
    <ClInclude Include="src\statements.h">
      <Filter>Header Files</Filter>
    </ClInclude>
    <ClInclude Include="src\text.h">
      <Filter>Header Files</Filter>
    </ClInclude>
    <ClInclude Include="src\time.h">
      <Filter>Header Files</Filter>
    </ClInclude>
    <ClInclude Include="src\variables.h">
      <Filter>Header Files</Filter>
    </ClInclude>
    <ClInclude Include="src\variant.h">
      <Filter>Header Files</Filter>
    </ClInclude>
    <ClInclude Include="src\bindings\android\android.h">
      <Filter>Header Files\Bindings\android</Filter>
    </ClInclude>
    <ClInclude Include="src\bindings\flash\flash.h">
      <Filter>Header Files\Bindings\flash</Filter>
    </ClInclude>
    <ClInclude Include="src\bindings\bindings_config.h">
      <Filter>Header Files\Bindings</Filter>
    </ClInclude>
    <ClInclude Include="src\bindings\default\qsp_default.h">
      <Filter>Header Files\Bindings\default</Filter>
    </ClInclude>
    <ClInclude Include="src\bindings\java\java.h">
      <Filter>Header Files\Bindings\java</Filter>
    </ClInclude>
    <ClInclude Include="src\onig\config.h">
      <Filter>Header Files\onig</Filter>
    </ClInclude>
    <ClInclude Include="src\onig\oniguruma.h">
      <Filter>Header Files\onig</Filter>
    </ClInclude>
    <ClInclude Include="src\onig\regenc.h">
      <Filter>Header Files\onig</Filter>
    </ClInclude>
    <ClInclude Include="src\onig\regint.h">
      <Filter>Header Files\onig</Filter>
    </ClInclude>
    <ClInclude Include="src\onig\regparse.h">
      <Filter>Header Files\onig</Filter>
    </ClInclude>
    <ClInclude Include="src\onig\st.h">
      <Filter>Header Files\onig</Filter>
    </ClInclude>
  </ItemGroup>
</Project>